
Microsoft Visual Studio Solution File, Format Version 12.00
# Visual Studio Version 16
VisualStudioVersion = 16.0.30523.141
MinimumVisualStudioVersion = 10.0.40219.1
Project("{FAE04EC0-301F-11D3-BF4B-00C04F79EFBC}") = "Sistema-escolar-RP", "Sistema-escolar-RP\Sistema-escolar-RP.csproj", "{8080C9AD-2347-45BF-9D5B-43BC7BEF6F48}"
EndProject
Global
	GlobalSection(SolutionConfigurationPlatforms) = preSolution
		Debug|Any CPU = Debug|Any CPU
		Release|Any CPU = Release|Any CPU
	EndGlobalSection
	GlobalSection(ProjectConfigurationPlatforms) = postSolution
		{8080C9AD-2347-45BF-9D5B-43BC7BEF6F48}.Debug|Any CPU.ActiveCfg = Debug|Any CPU
		{8080C9AD-2347-45BF-9D5B-43BC7BEF6F48}.Debug|Any CPU.Build.0 = Debug|Any CPU
		{8080C9AD-2347-45BF-9D5B-43BC7BEF6F48}.Release|Any CPU.ActiveCfg = Release|Any CPU
		{8080C9AD-2347-45BF-9D5B-43BC7BEF6F48}.Release|Any CPU.Build.0 = Release|Any CPU
	EndGlobalSection
	GlobalSection(SolutionProperties) = preSolution
		HideSolutionNode = FALSE
	EndGlobalSection
	GlobalSection(ExtensibilityGlobals) = postSolution
		SolutionGuid = {F0F38AA3-1C71-43D2-9A48-4DCD70A2A34C}
	EndGlobalSection
EndGlobal
